
Microsoft Visual Studio Solution File, Format Version 12.00
# Visual Studio Version 17
VisualStudioVersion = 17.12.35707.178
MinimumVisualStudioVersion = 10.0.40219.1
Project("{FAE04EC0-301F-11D3-BF4B-00C04F79EFBC}") = "Task1_1", "Task1_1\Task1_1.csproj", "{B8B26761-C6A7-446F-B394-A7F7A7262C28}"
EndProject
Project("{FAE04EC0-301F-11D3-BF4B-00C04F79EFBC}") = "Task2_0", "Task2_0\Task2_0.csproj", "{48B2EB9B-8A43-4C73-B04A-02736ED965D6}"
EndProject
Project("{FAE04EC0-301F-11D3-BF4B-00C04F79EFBC}") = "Task2_1", "Task2_1\Task2_1.csproj", "{6281B223-9532-4729-AC01-D927B06454C2}"
EndProject
Project("{FAE04EC0-301F-11D3-BF4B-00C04F79EFBC}") = "Task2_2", "Task2_2\Task2_2.csproj", "{DF36308B-D2F0-4BC2-AD14-ABA2084E43B4}"
EndProject
Project("{FAE04EC0-301F-11D3-BF4B-00C04F79EFBC}") = "Task2_3", "Task2_3\Task2_3.csproj", "{7A5A28FB-5E7C-4055-B473-824F3BF54797}"
EndProject
Project("{FAE04EC0-301F-11D3-BF4B-00C04F79EFBC}") = "Task2_4", "Task2_4\Task2_4.csproj", "{2132308C-682A-421E-9E61-768A1A21749D}"
EndProject
Project("{FAE04EC0-301F-11D3-BF4B-00C04F79EFBC}") = "Task2_5", "Task2_5\Task2_5.csproj", "{F666E052-524B-487D-974B-254677C11B38}"
EndProject
Project("{FAE04EC0-301F-11D3-BF4B-00C04F79EFBC}") = "Task3_1", "Task3_1\Task3_1.csproj", "{1BB0B0F7-22F9-4C1A-906F-69EF0ADF7C4B}"
EndProject
Project("{FAE04EC0-301F-11D3-BF4B-00C04F79EFBC}") = "Task3_2", "Task3_2\Task3_2.csproj", "{2DB07384-87F9-4DC9-A143-7EB5F4970885}"
EndProject
Project("{FAE04EC0-301F-11D3-BF4B-00C04F79EFBC}") = "Task3_3", "Task3_3\Task3_3.csproj", "{6540E33F-C683-460E-AA42-5200185E16EC}"
EndProject
Project("{FAE04EC0-301F-11D3-BF4B-00C04F79EFBC}") = "Task3_4", "Task3_4\Task3_4.csproj", "{6D93B9CD-3BBE-40DF-A96C-66622893EF63}"
EndProject
Project("{FAE04EC0-301F-11D3-BF4B-00C04F79EFBC}") = "Task3_5", "Task3_5\Task3_5.csproj", "{86E70E10-8DAA-4425-B68C-CB8F2D3EEBEE}"
EndProject
Project("{FAE04EC0-301F-11D3-BF4B-00C04F79EFBC}") = "Task3_6", "Task3_6\Task3_6.csproj", "{A9451CB0-67B9-428E-85EC-0CF7CE28FFE6}"
EndProject
Project("{FAE04EC0-301F-11D3-BF4B-00C04F79EFBC}") = "Task3_7", "Task3_7\Task3_7.csproj", "{1F846584-5B0F-407A-8166-A49317A84AA2}"
EndProject
Project("{FAE04EC0-301F-11D3-BF4B-00C04F79EFBC}") = "Task3_8", "Task3_8\Task3_8.csproj", "{258FE458-7BC6-41FE-AD84-DC75EFEE2FC7}"
EndProject
Project("{FAE04EC0-301F-11D3-BF4B-00C04F79EFBC}") = "Task3_9", "Task3_9\Task3_9.csproj", "{F3AF270E-969F-4932-B4B7-A16125F6F2D8}"
EndProject
Project("{FAE04EC0-301F-11D3-BF4B-00C04F79EFBC}") = "Task3_10", "Task3_10\Task3_10.csproj", "{3EAED2FC-A39B-44C4-85F0-25FB3C8379F3}"
EndProject
Project("{FAE04EC0-301F-11D3-BF4B-00C04F79EFBC}") = "Task3_11", "Task3_11\Task3_11.csproj", "{2AC69990-8ADC-4FC0-A7DB-9FA8BF58FEF2}"
EndProject
Global
	GlobalSection(SolutionConfigurationPlatforms) = preSolution
		Debug|Any CPU = Debug|Any CPU
		Release|Any CPU = Release|Any CPU
	EndGlobalSection
	GlobalSection(ProjectConfigurationPlatforms) = postSolution
		{B8B26761-C6A7-446F-B394-A7F7A7262C28}.Debug|Any CPU.ActiveCfg = Debug|Any CPU
		{B8B26761-C6A7-446F-B394-A7F7A7262C28}.Debug|Any CPU.Build.0 = Debug|Any CPU
		{B8B26761-C6A7-446F-B394-A7F7A7262C28}.Release|Any CPU.ActiveCfg = Release|Any CPU
		{B8B26761-C6A7-446F-B394-A7F7A7262C28}.Release|Any CPU.Build.0 = Release|Any CPU
		{48B2EB9B-8A43-4C73-B04A-02736ED965D6}.Debug|Any CPU.ActiveCfg = Debug|Any CPU
		{48B2EB9B-8A43-4C73-B04A-02736ED965D6}.Debug|Any CPU.Build.0 = Debug|Any CPU
		{48B2EB9B-8A43-4C73-B04A-02736ED965D6}.Release|Any CPU.ActiveCfg = Release|Any CPU
		{48B2EB9B-8A43-4C73-B04A-02736ED965D6}.Release|Any CPU.Build.0 = Release|Any CPU
		{6281B223-9532-4729-AC01-D927B06454C2}.Debug|Any CPU.ActiveCfg = Debug|Any CPU
		{6281B223-9532-4729-AC01-D927B06454C2}.Debug|Any CPU.Build.0 = Debug|Any CPU
		{6281B223-9532-4729-AC01-D927B06454C2}.Release|Any CPU.ActiveCfg = Release|Any CPU
		{6281B223-9532-4729-AC01-D927B06454C2}.Release|Any CPU.Build.0 = Release|Any CPU
		{DF36308B-D2F0-4BC2-AD14-ABA2084E43B4}.Debug|Any CPU.ActiveCfg = Debug|Any CPU
		{DF36308B-D2F0-4BC2-AD14-ABA2084E43B4}.Debug|Any CPU.Build.0 = Debug|Any CPU
		{DF36308B-D2F0-4BC2-AD14-ABA2084E43B4}.Release|Any CPU.ActiveCfg = Release|Any CPU
		{DF36308B-D2F0-4BC2-AD14-ABA2084E43B4}.Release|Any CPU.Build.0 = Release|Any CPU
		{7A5A28FB-5E7C-4055-B473-824F3BF54797}.Debug|Any CPU.ActiveCfg = Debug|Any CPU
		{7A5A28FB-5E7C-4055-B473-824F3BF54797}.Debug|Any CPU.Build.0 = Debug|Any CPU
		{7A5A28FB-5E7C-4055-B473-824F3BF54797}.Release|Any CPU.ActiveCfg = Release|Any CPU
		{7A5A28FB-5E7C-4055-B473-824F3BF54797}.Release|Any CPU.Build.0 = Release|Any CPU
		{2132308C-682A-421E-9E61-768A1A21749D}.Debug|Any CPU.ActiveCfg = Debug|Any CPU
		{2132308C-682A-421E-9E61-768A1A21749D}.Debug|Any CPU.Build.0 = Debug|Any CPU
		{2132308C-682A-421E-9E61-768A1A21749D}.Release|Any CPU.ActiveCfg = Release|Any CPU
		{2132308C-682A-421E-9E61-768A1A21749D}.Release|Any CPU.Build.0 = Release|Any CPU
		{F666E052-524B-487D-974B-254677C11B38}.Debug|Any CPU.ActiveCfg = Debug|Any CPU
		{F666E052-524B-487D-974B-254677C11B38}.Debug|Any CPU.Build.0 = Debug|Any CPU
		{F666E052-524B-487D-974B-254677C11B38}.Release|Any CPU.ActiveCfg = Release|Any CPU
		{F666E052-524B-487D-974B-254677C11B38}.Release|Any CPU.Build.0 = Release|Any CPU
		{1BB0B0F7-22F9-4C1A-906F-69EF0ADF7C4B}.Debug|Any CPU.ActiveCfg = Debug|Any CPU
		{1BB0B0F7-22F9-4C1A-906F-69EF0ADF7C4B}.Debug|Any CPU.Build.0 = Debug|Any CPU
		{1BB0B0F7-22F9-4C1A-906F-69EF0ADF7C4B}.Release|Any CPU.ActiveCfg = Release|Any CPU
		{1BB0B0F7-22F9-4C1A-906F-69EF0ADF7C4B}.Release|Any CPU.Build.0 = Release|Any CPU
		{2DB07384-87F9-4DC9-A143-7EB5F4970885}.Debug|Any CPU.ActiveCfg = Debug|Any CPU
		{2DB07384-87F9-4DC9-A143-7EB5F4970885}.Debug|Any CPU.Build.0 = Debug|Any CPU
		{2DB07384-87F9-4DC9-A143-7EB5F4970885}.Release|Any CPU.ActiveCfg = Release|Any CPU
		{2DB07384-87F9-4DC9-A143-7EB5F4970885}.Release|Any CPU.Build.0 = Release|Any CPU
		{6540E33F-C683-460E-AA42-5200185E16EC}.Debug|Any CPU.ActiveCfg = Debug|Any CPU
		{6540E33F-C683-460E-AA42-5200185E16EC}.Debug|Any CPU.Build.0 = Debug|Any CPU
		{6540E33F-C683-460E-AA42-5200185E16EC}.Release|Any CPU.ActiveCfg = Release|Any CPU
		{6540E33F-C683-460E-AA42-5200185E16EC}.Release|Any CPU.Build.0 = Release|Any CPU
		{6D93B9CD-3BBE-40DF-A96C-66622893EF63}.Debug|Any CPU.ActiveCfg = Debug|Any CPU
		{6D93B9CD-3BBE-40DF-A96C-66622893EF63}.Debug|Any CPU.Build.0 = Debug|Any CPU
		{6D93B9CD-3BBE-40DF-A96C-66622893EF63}.Release|Any CPU.ActiveCfg = Release|Any CPU
		{6D93B9CD-3BBE-40DF-A96C-66622893EF63}.Release|Any CPU.Build.0 = Release|Any CPU
		{86E70E10-8DAA-4425-B68C-CB8F2D3EEBEE}.Debug|Any CPU.ActiveCfg = Debug|Any CPU
		{86E70E10-8DAA-4425-B68C-CB8F2D3EEBEE}.Debug|Any CPU.Build.0 = Debug|Any CPU
		{86E70E10-8DAA-4425-B68C-CB8F2D3EEBEE}.Release|Any CPU.ActiveCfg = Release|Any CPU
		{86E70E10-8DAA-4425-B68C-CB8F2D3EEBEE}.Release|Any CPU.Build.0 = Release|Any CPU
		{A9451CB0-67B9-428E-85EC-0CF7CE28FFE6}.Debug|Any CPU.ActiveCfg = Debug|Any CPU
		{A9451CB0-67B9-428E-85EC-0CF7CE28FFE6}.Debug|Any CPU.Build.0 = Debug|Any CPU
		{A9451CB0-67B9-428E-85EC-0CF7CE28FFE6}.Release|Any CPU.ActiveCfg = Release|Any CPU
		{A9451CB0-67B9-428E-85EC-0CF7CE28FFE6}.Release|Any CPU.Build.0 = Release|Any CPU
		{1F846584-5B0F-407A-8166-A49317A84AA2}.Debug|Any CPU.ActiveCfg = Debug|Any CPU
		{1F846584-5B0F-407A-8166-A49317A84AA2}.Debug|Any CPU.Build.0 = Debug|Any CPU
		{1F846584-5B0F-407A-8166-A49317A84AA2}.Release|Any CPU.ActiveCfg = Release|Any CPU
		{1F846584-5B0F-407A-8166-A49317A84AA2}.Release|Any CPU.Build.0 = Release|Any CPU
		{258FE458-7BC6-41FE-AD84-DC75EFEE2FC7}.Debug|Any CPU.ActiveCfg = Debug|Any CPU
		{258FE458-7BC6-41FE-AD84-DC75EFEE2FC7}.Debug|Any CPU.Build.0 = Debug|Any CPU
		{258FE458-7BC6-41FE-AD84-DC75EFEE2FC7}.Release|Any CPU.ActiveCfg = Release|Any CPU
		{258FE458-7BC6-41FE-AD84-DC75EFEE2FC7}.Release|Any CPU.Build.0 = Release|Any CPU
		{F3AF270E-969F-4932-B4B7-A16125F6F2D8}.Debug|Any CPU.ActiveCfg = Debug|Any CPU
		{F3AF270E-969F-4932-B4B7-A16125F6F2D8}.Debug|Any CPU.Build.0 = Debug|Any CPU
		{F3AF270E-969F-4932-B4B7-A16125F6F2D8}.Release|Any CPU.ActiveCfg = Release|Any CPU
		{F3AF270E-969F-4932-B4B7-A16125F6F2D8}.Release|Any CPU.Build.0 = Release|Any CPU
		{3EAED2FC-A39B-44C4-85F0-25FB3C8379F3}.Debug|Any CPU.ActiveCfg = Debug|Any CPU
		{3EAED2FC-A39B-44C4-85F0-25FB3C8379F3}.Debug|Any CPU.Build.0 = Debug|Any CPU
		{3EAED2FC-A39B-44C4-85F0-25FB3C8379F3}.Release|Any CPU.ActiveCfg = Release|Any CPU
		{3EAED2FC-A39B-44C4-85F0-25FB3C8379F3}.Release|Any CPU.Build.0 = Release|Any CPU
		{2AC69990-8ADC-4FC0-A7DB-9FA8BF58FEF2}.Debug|Any CPU.ActiveCfg = Debug|Any CPU
		{2AC69990-8ADC-4FC0-A7DB-9FA8BF58FEF2}.Debug|Any CPU.Build.0 = Debug|Any CPU
		{2AC69990-8ADC-4FC0-A7DB-9FA8BF58FEF2}.Release|Any CPU.ActiveCfg = Release|Any CPU
		{2AC69990-8ADC-4FC0-A7DB-9FA8BF58FEF2}.Release|Any CPU.Build.0 = Release|Any CPU
	EndGlobalSection
	GlobalSection(SolutionProperties) = preSolution
		HideSolutionNode = FALSE
	EndGlobalSection
EndGlobal
